{
  "version": 4,
  "terraform_version": "1.4.6",
  "serial": 2,
  "lineage": "1e626bb8-d4a6-fa41-f935-7d940c9c0d8b",
  "outputs": {
    "resource_group_id": {
      "value": "/subscriptions/e87c210c-b12e-4e32-b028-ed1bbe6e7ed5/resourceGroups/ts-rg-dev-netflix-357",
      "type": "string"
    },
    "servicebus_namespace_id": {
      "value": "/subscriptions/e87c210c-b12e-4e32-b028-ed1bbe6e7ed5/resourceGroups/ts-rg-dev-netflix-357/providers/Microsoft.ServiceBus/namespaces/ts-sb-dev-netflix-357",
      "type": "string"
    },
    "storage_account_id": {
      "value": "/subscriptions/e87c210c-b12e-4e32-b028-ed1bbe6e7ed5/resourceGroups/ts-rg-dev-netflix-357/providers/Microsoft.Storage/storageAccounts/tsstdevnetflix357",
      "type": "string"
    }
  },
  "resources": [
    {
      "mode": "managed",
      "type": "azurerm_resource_group",
      "name": "example",
      "provider": "provider[\"registry.terraform.io/hashicorp/azurerm\"]",
      "instances": [
        {
          "schema_version": 0,
          "attributes": {
            "id": "/subscriptions/e87c210c-b12e-4e32-b028-ed1bbe6e7ed5/resourceGroups/ts-rg-dev-netflix-357",
            "location": "eastus",
            "name": "ts-rg-dev-netflix-357",
            "tags": null,
            "timeouts": null
          },
          "sensitive_attributes": [],
          "private": "eyJlMmJmYjczMC1lY2FhLTExZTYtOGY4OC0zNDM2M2JjN2M0YzAiOnsiY3JlYXRlIjo1NDAwMDAwMDAwMDAwLCJkZWxldGUiOjU0MDAwMDAwMDAwMDAsInJlYWQiOjMwMDAwMDAwMDAwMCwidXBkYXRlIjo1NDAwMDAwMDAwMDAwfX0="
        }
      ]
    },
    {
      "mode": "managed",
      "type": "azurerm_servicebus_namespace",
      "name": "example",
      "provider": "provider[\"registry.terraform.io/hashicorp/azurerm\"]",
      "instances": [
        {
          "schema_version": 1,
          "attributes": {
            "capacity": 0,
            "customer_managed_key": [],
            "default_primary_connection_string": "Endpoint=sb://ts-sb-dev-netflix-357.servicebus.windows.net/;SharedAccessKeyName=RootManageSharedAccessKey;SharedAccessKey=o6FRGmQ3ieDCBsAHOa2Lp+Jci1uijaun9+ASbKXJi8k=",
            "default_primary_key": "o6FRGmQ3ieDCBsAHOa2Lp+Jci1uijaun9+ASbKXJi8k=",
            "default_secondary_connection_string": "Endpoint=sb://ts-sb-dev-netflix-357.servicebus.windows.net/;SharedAccessKeyName=RootManageSharedAccessKey;SharedAccessKey=3r/ptG5f9r9cjLImiybkr+IGeV7VDmC8G+ASbOUyWqE=",
            "default_secondary_key": "3r/ptG5f9r9cjLImiybkr+IGeV7VDmC8G+ASbOUyWqE=",
            "endpoint": "https://ts-sb-dev-netflix-357.servicebus.windows.net:443/",
            "id": "/subscriptions/e87c210c-b12e-4e32-b028-ed1bbe6e7ed5/resourceGroups/ts-rg-dev-netflix-357/providers/Microsoft.ServiceBus/namespaces/ts-sb-dev-netflix-357",
            "identity": [],
            "local_auth_enabled": true,
            "location": "eastus",
            "minimum_tls_version": "1.2",
            "name": "ts-sb-dev-netflix-357",
            "public_network_access_enabled": true,
            "resource_group_name": "ts-rg-dev-netflix-357",
            "sku": "Standard",
            "tags": null,
            "timeouts": null,
            "zone_redundant": false
          },
          "sensitive_attributes": [],
          "private": "eyJlMmJmYjczMC1lY2FhLTExZTYtOGY4OC0zNDM2M2JjN2M0YzAiOnsiY3JlYXRlIjoxODAwMDAwMDAwMDAwLCJkZWxldGUiOjE4MDAwMDAwMDAwMDAsInJlYWQiOjMwMDAwMDAwMDAwMCwidXBkYXRlIjoxODAwMDAwMDAwMDAwfSwic2NoZW1hX3ZlcnNpb24iOiIxIn0=",
          "dependencies": [
            "azurerm_resource_group.example"
          ]
        }
      ]
    },
    {
      "mode": "managed",
      "type": "azurerm_storage_account",
      "name": "example",
      "provider": "provider[\"registry.terraform.io/hashicorp/azurerm\"]",
      "instances": [
        {
          "schema_version": 3,
          "attributes": {
            "access_tier": "Hot",
            "account_kind": "StorageV2",
            "account_replication_type": "GRS",
            "account_tier": "Standard",
            "allow_nested_items_to_be_public": true,
            "allowed_copy_scope": "",
            "azure_files_authentication": [],
            "blob_properties": [
              {
                "change_feed_enabled": false,
                "change_feed_retention_in_days": 0,
                "container_delete_retention_policy": [],
                "cors_rule": [],
                "default_service_version": "",
                "delete_retention_policy": [],
                "last_access_time_enabled": false,
                "restore_policy": [],
                "versioning_enabled": false
              }
            ],
            "cross_tenant_replication_enabled": true,
            "custom_domain": [],
            "customer_managed_key": [],
            "default_to_oauth_authentication": false,
            "edge_zone": "",
            "enable_https_traffic_only": true,
            "id": "/subscriptions/e87c210c-b12e-4e32-b028-ed1bbe6e7ed5/resourceGroups/ts-rg-dev-netflix-357/providers/Microsoft.Storage/storageAccounts/tsstdevnetflix357",
            "identity": [],
            "immutability_policy": [],
            "infrastructure_encryption_enabled": false,
            "is_hns_enabled": false,
            "large_file_share_enabled": null,
            "location": "eastus",
            "min_tls_version": "TLS1_2",
            "name": "tsstdevnetflix357",
            "network_rules": [
              {
                "bypass": [
                  "AzureServices"
                ],
                "default_action": "Allow",
                "ip_rules": [],
                "private_link_access": [],
                "virtual_network_subnet_ids": []
              }
            ],
            "nfsv3_enabled": false,
            "primary_access_key": "yyihxlNGAJ4SKF+3kdVDkoW1dcFIv+AMyZv2QsRLL+wwn+3zGE7U3GuLDG5lVibNqxDsPz+3ZJ4h+AStVHVvLw==",
            "primary_blob_connection_string": "DefaultEndpointsProtocol=https;BlobEndpoint=https://tsstdevnetflix357.blob.core.windows.net/;AccountName=tsstdevnetflix357;AccountKey=yyihxlNGAJ4SKF+3kdVDkoW1dcFIv+AMyZv2QsRLL+wwn+3zGE7U3GuLDG5lVibNqxDsPz+3ZJ4h+AStVHVvLw==",
            "primary_blob_endpoint": "https://tsstdevnetflix357.blob.core.windows.net/",
            "primary_blob_host": "tsstdevnetflix357.blob.core.windows.net",
            "primary_connection_string": "DefaultEndpointsProtocol=https;AccountName=tsstdevnetflix357;AccountKey=yyihxlNGAJ4SKF+3kdVDkoW1dcFIv+AMyZv2QsRLL+wwn+3zGE7U3GuLDG5lVibNqxDsPz+3ZJ4h+AStVHVvLw==;EndpointSuffix=core.windows.net",
            "primary_dfs_endpoint": "https://tsstdevnetflix357.dfs.core.windows.net/",
            "primary_dfs_host": "tsstdevnetflix357.dfs.core.windows.net",
            "primary_file_endpoint": "https://tsstdevnetflix357.file.core.windows.net/",
            "primary_file_host": "tsstdevnetflix357.file.core.windows.net",
            "primary_location": "eastus",
            "primary_queue_endpoint": "https://tsstdevnetflix357.queue.core.windows.net/",
            "primary_queue_host": "tsstdevnetflix357.queue.core.windows.net",
            "primary_table_endpoint": "https://tsstdevnetflix357.table.core.windows.net/",
            "primary_table_host": "tsstdevnetflix357.table.core.windows.net",
            "primary_web_endpoint": "https://tsstdevnetflix357.z13.web.core.windows.net/",
            "primary_web_host": "tsstdevnetflix357.z13.web.core.windows.net",
            "public_network_access_enabled": true,
            "queue_encryption_key_type": "Service",
            "queue_properties": [
              {
                "cors_rule": [],
                "hour_metrics": [
                  {
                    "enabled": true,
                    "include_apis": true,
                    "retention_policy_days": 7,
                    "version": "1.0"
                  }
                ],
                "logging": [
                  {
                    "delete": false,
                    "read": false,
                    "retention_policy_days": 0,
                    "version": "1.0",
                    "write": false
                  }
                ],
                "minute_metrics": [
                  {
                    "enabled": false,
                    "include_apis": false,
                    "retention_policy_days": 0,
                    "version": "1.0"
                  }
                ]
              }
            ],
            "resource_group_name": "ts-rg-dev-netflix-357",
            "routing": [],
            "sas_policy": [],
            "secondary_access_key": "6YsvnjMwC3UQLWG5Ew1h/JRvxGM8Dj13L9FUdFQP31jX3ZkdZBvepppCFouoVtbIKibKwkgMn3rB+ASt+t39JA==",
            "secondary_blob_connection_string": "",
            "secondary_blob_endpoint": null,
            "secondary_blob_host": null,
            "secondary_connection_string": "DefaultEndpointsProtocol=https;AccountName=tsstdevnetflix357;AccountKey=6YsvnjMwC3UQLWG5Ew1h/JRvxGM8Dj13L9FUdFQP31jX3ZkdZBvepppCFouoVtbIKibKwkgMn3rB+ASt+t39JA==;EndpointSuffix=core.windows.net",
            "secondary_dfs_endpoint": null,
            "secondary_dfs_host": null,
            "secondary_file_endpoint": null,
            "secondary_file_host": null,
            "secondary_location": "westus",
            "secondary_queue_endpoint": null,
            "secondary_queue_host": null,
            "secondary_table_endpoint": null,
            "secondary_table_host": null,
            "secondary_web_endpoint": null,
            "secondary_web_host": null,
            "sftp_enabled": false,
            "share_properties": [
              {
                "cors_rule": [],
                "retention_policy": [
                  {
                    "days": 7
                  }
                ],
                "smb": []
              }
            ],
            "shared_access_key_enabled": true,
            "static_website": [],
            "table_encryption_key_type": "Service",
            "tags": null,
            "timeouts": null
          },
          "sensitive_attributes": [],
          "private": "eyJlMmJmYjczMC1lY2FhLTExZTYtOGY4OC0zNDM2M2JjN2M0YzAiOnsiY3JlYXRlIjozNjAwMDAwMDAwMDAwLCJkZWxldGUiOjM2MDAwMDAwMDAwMDAsInJlYWQiOjMwMDAwMDAwMDAwMCwidXBkYXRlIjozNjAwMDAwMDAwMDAwfSwic2NoZW1hX3ZlcnNpb24iOiIzIn0=",
          "dependencies": [
            "azurerm_resource_group.example"
          ]
        }
      ]
    }
  ],
  "check_results": null
}
