{
  "version": 4,
  "terraform_version": "1.4.6",
  "serial": 15,
  "lineage": "f7b480c1-dcf8-5027-aa87-bdee2457d296",
  "outputs": {},
  "resources": [
    {
      "module": "module.app_service_plan",
      "mode": "managed",
      "type": "azurerm_app_service_plan",
      "name": "asp",
      "provider": "provider[\"registry.terraform.io/hashicorp/azurerm\"]",
      "instances": [
        {
          "schema_version": 0,
          "attributes": {
            "app_service_environment_id": "",
            "id": "/subscriptions/e87c210c-b12e-4e32-b028-ed1bbe6e7ed5/resourceGroups/udaykiran-ade-rg/providers/Microsoft.Web/serverfarms/udaykiran-asp-001",
            "is_xenon": false,
            "kind": "Windows",
            "location": "northeurope",
            "maximum_elastic_worker_count": 1,
            "maximum_number_of_workers": 10,
            "name": "udaykiran-asp-001",
            "per_site_scaling": false,
            "reserved": false,
            "resource_group_name": "udaykiran-ade-rg",
            "sku": [
              {
                "capacity": 1,
                "size": "S1",
                "tier": "Standard"
              }
            ],
            "tags": null,
            "timeouts": null,
            "zone_redundant": false
          },
          "sensitive_attributes": [],
          "private": "eyJlMmJmYjczMC1lY2FhLTExZTYtOGY4OC0zNDM2M2JjN2M0YzAiOnsiY3JlYXRlIjozNjAwMDAwMDAwMDAwLCJkZWxldGUiOjM2MDAwMDAwMDAwMDAsInJlYWQiOjMwMDAwMDAwMDAwMCwidXBkYXRlIjozNjAwMDAwMDAwMDAwfX0=",
          "dependencies": [
            "module.resource_group.azurerm_resource_group.example"
          ]
        }
      ]
    },
    {
      "module": "module.function_app",
      "mode": "managed",
      "type": "azurerm_function_app",
      "name": "example",
      "provider": "provider[\"registry.terraform.io/hashicorp/azurerm\"]",
      "instances": [
        {
          "schema_version": 0,
          "attributes": {
            "app_service_plan_id": "/subscriptions/e87c210c-b12e-4e32-b028-ed1bbe6e7ed5/resourceGroups/udaykiran-ade-rg/providers/Microsoft.Web/serverfarms/udaykiran-asp-001",
            "app_settings": {},
            "auth_settings": [
              {
                "active_directory": [],
                "additional_login_params": {},
                "allowed_external_redirect_urls": [],
                "default_provider": "",
                "enabled": false,
                "facebook": [],
                "google": [],
                "issuer": "",
                "microsoft": [],
                "runtime_version": "",
                "token_refresh_extension_hours": 0,
                "token_store_enabled": false,
                "twitter": [],
                "unauthenticated_client_action": ""
              }
            ],
            "client_cert_mode": "",
            "connection_string": [],
            "custom_domain_verification_id": "7C4CF40F7DA791AA2F1183F8E918FE6EEC59697F27509407B63E261ED7CEDBC6",
            "daily_memory_time_quota": 0,
            "default_hostname": "udaykiran-function-001.azurewebsites.net",
            "enable_builtin_logging": true,
            "enabled": true,
            "https_only": false,
            "id": "/subscriptions/e87c210c-b12e-4e32-b028-ed1bbe6e7ed5/resourceGroups/udaykiran-ade-rg/providers/Microsoft.Web/sites/udaykiran-function-001",
            "identity": [],
            "key_vault_reference_identity_id": "SystemAssigned",
            "kind": "functionapp",
            "location": "northeurope",
            "name": "udaykiran-function-001",
            "os_type": "",
            "outbound_ip_addresses": "20.82.157.242,20.82.158.52,20.82.158.67,20.82.158.112,20.82.158.126,20.82.158.130,20.93.80.207,20.93.80.243,20.93.81.8,20.93.81.36,20.93.81.74,20.93.81.100,20.93.81.103,20.82.156.252,20.93.81.192,20.93.82.16,20.93.82.72,20.93.82.76,20.107.224.57",
            "possible_outbound_ip_addresses": "20.82.157.242,20.82.158.52,20.82.158.67,20.82.158.112,20.82.158.126,20.82.158.130,20.93.80.207,20.93.80.243,20.93.81.8,20.93.81.36,20.93.81.74,20.93.81.100,20.93.81.103,20.82.156.252,20.93.81.192,20.93.82.16,20.93.82.72,20.93.82.76,20.82.158.145,20.82.158.160,20.82.158.174,20.82.158.194,20.82.159.61,20.82.159.77,20.82.159.83,20.82.159.156,20.82.159.168,20.82.159.208,20.82.159.220,20.93.80.21,20.93.80.64,20.93.80.100,20.93.80.112,20.93.80.120,20.93.80.153,20.93.80.158,20.93.80.207,20.93.80.243,20.93.81.8,20.93.81.36,20.93.81.74,20.93.81.100,20.93.81.103,20.82.156.252,20.93.81.192,20.93.82.16,20.93.82.72,20.93.82.76,20.93.85.169,20.93.85.188,20.93.85.205,20.93.85.226,20.93.86.20,20.93.86.76,20.107.224.57",
            "resource_group_name": "udaykiran-ade-rg",
            "site_config": [
              {
                "always_on": false,
                "app_scale_limit": 0,
                "auto_swap_slot_name": "",
                "cors": [],
                "dotnet_framework_version": "v4.0",
                "elastic_instance_minimum": 0,
                "ftps_state": "FtpsOnly",
                "health_check_path": "",
                "http2_enabled": false,
                "ip_restriction": [],
                "java_version": "",
                "linux_fx_version": "",
                "min_tls_version": "1.2",
                "pre_warmed_instance_count": 0,
                "runtime_scale_monitoring_enabled": false,
                "scm_ip_restriction": [],
                "scm_type": "None",
                "scm_use_main_ip_restriction": false,
                "use_32_bit_worker_process": true,
                "vnet_route_all_enabled": false,
                "websockets_enabled": false
              }
            ],
            "site_credential": [
              {
                "password": "Tc7PJr0r3FbuSg15p2AMeP6kXgpryJwmlBsMpMwxrDxcerKMbBHQSK5cG2AJ",
                "username": "$udaykiran-function-001"
              }
            ],
            "source_control": [
              {
                "branch": "main",
                "manual_integration": false,
                "repo_url": "",
                "rollback_enabled": false,
                "use_mercurial": false
              }
            ],
            "storage_account_access_key": "MGDZnPhGGhU5aUG4nIzrqYnGK9UzwLKditgnU7mxqkPeSo/FlInFEd/U0E85H3M9R/oE3fuP3TwN+AStctlIrQ==",
            "storage_account_name": "udaykiranstorage357",
            "tags": null,
            "timeouts": null,
            "version": "~1"
          },
          "sensitive_attributes": [
            [
              {
                "type": "get_attr",
                "value": "storage_account_access_key"
              }
            ]
          ],
          "private": "eyJlMmJmYjczMC1lY2FhLTExZTYtOGY4OC0zNDM2M2JjN2M0YzAiOnsiY3JlYXRlIjoxODAwMDAwMDAwMDAwLCJkZWxldGUiOjE4MDAwMDAwMDAwMDAsInJlYWQiOjMwMDAwMDAwMDAwMCwidXBkYXRlIjoxODAwMDAwMDAwMDAwfX0=",
          "dependencies": [
            "module.app_service_plan.azurerm_app_service_plan.asp",
            "module.resource_group.azurerm_resource_group.example",
            "module.storage_account.azurerm_storage_account.storage"
          ]
        }
      ]
    },
    {
      "module": "module.resource_group",
      "mode": "managed",
      "type": "azurerm_resource_group",
      "name": "example",
      "provider": "provider[\"registry.terraform.io/hashicorp/azurerm\"]",
      "instances": [
        {
          "schema_version": 0,
          "attributes": {
            "id": "/subscriptions/e87c210c-b12e-4e32-b028-ed1bbe6e7ed5/resourceGroups/udaykiran-ade-rg",
            "location": "northeurope",
            "name": "udaykiran-ade-rg",
            "tags": {
              "cost": "163",
              "dept": "finance",
              "env": "dev",
              "source": "terraform"
            },
            "timeouts": null
          },
          "sensitive_attributes": [],
          "private": "eyJlMmJmYjczMC1lY2FhLTExZTYtOGY4OC0zNDM2M2JjN2M0YzAiOnsiY3JlYXRlIjo1NDAwMDAwMDAwMDAwLCJkZWxldGUiOjU0MDAwMDAwMDAwMDAsInJlYWQiOjMwMDAwMDAwMDAwMCwidXBkYXRlIjo1NDAwMDAwMDAwMDAwfX0="
        }
      ]
    },
    {
      "module": "module.storage_account",
      "mode": "managed",
      "type": "azurerm_storage_account",
      "name": "storage",
      "provider": "provider[\"registry.terraform.io/hashicorp/azurerm\"]",
      "instances": [
        {
          "schema_version": 3,
          "attributes": {
            "access_tier": "Hot",
            "account_kind": "StorageV2",
            "account_replication_type": "GRS",
            "account_tier": "Standard",
            "allow_nested_items_to_be_public": true,
            "allowed_copy_scope": "",
            "azure_files_authentication": [],
            "blob_properties": [
              {
                "change_feed_enabled": false,
                "change_feed_retention_in_days": 0,
                "container_delete_retention_policy": [],
                "cors_rule": [],
                "default_service_version": "",
                "delete_retention_policy": [],
                "last_access_time_enabled": false,
                "restore_policy": [],
                "versioning_enabled": false
              }
            ],
            "cross_tenant_replication_enabled": true,
            "custom_domain": [],
            "customer_managed_key": [],
            "default_to_oauth_authentication": false,
            "edge_zone": "",
            "enable_https_traffic_only": true,
            "id": "/subscriptions/e87c210c-b12e-4e32-b028-ed1bbe6e7ed5/resourceGroups/udaykiran-ade-rg/providers/Microsoft.Storage/storageAccounts/udaykiranstorage357",
            "identity": [],
            "immutability_policy": [],
            "infrastructure_encryption_enabled": false,
            "is_hns_enabled": false,
            "large_file_share_enabled": null,
            "location": "northeurope",
            "min_tls_version": "TLS1_2",
            "name": "udaykiranstorage357",
            "network_rules": [
              {
                "bypass": [
                  "AzureServices"
                ],
                "default_action": "Allow",
                "ip_rules": [],
                "private_link_access": [],
                "virtual_network_subnet_ids": []
              }
            ],
            "nfsv3_enabled": false,
            "primary_access_key": "MGDZnPhGGhU5aUG4nIzrqYnGK9UzwLKditgnU7mxqkPeSo/FlInFEd/U0E85H3M9R/oE3fuP3TwN+AStctlIrQ==",
            "primary_blob_connection_string": "DefaultEndpointsProtocol=https;BlobEndpoint=https://udaykiranstorage357.blob.core.windows.net/;AccountName=udaykiranstorage357;AccountKey=MGDZnPhGGhU5aUG4nIzrqYnGK9UzwLKditgnU7mxqkPeSo/FlInFEd/U0E85H3M9R/oE3fuP3TwN+AStctlIrQ==",
            "primary_blob_endpoint": "https://udaykiranstorage357.blob.core.windows.net/",
            "primary_blob_host": "udaykiranstorage357.blob.core.windows.net",
            "primary_connection_string": "DefaultEndpointsProtocol=https;AccountName=udaykiranstorage357;AccountKey=MGDZnPhGGhU5aUG4nIzrqYnGK9UzwLKditgnU7mxqkPeSo/FlInFEd/U0E85H3M9R/oE3fuP3TwN+AStctlIrQ==;EndpointSuffix=core.windows.net",
            "primary_dfs_endpoint": "https://udaykiranstorage357.dfs.core.windows.net/",
            "primary_dfs_host": "udaykiranstorage357.dfs.core.windows.net",
            "primary_file_endpoint": "https://udaykiranstorage357.file.core.windows.net/",
            "primary_file_host": "udaykiranstorage357.file.core.windows.net",
            "primary_location": "northeurope",
            "primary_queue_endpoint": "https://udaykiranstorage357.queue.core.windows.net/",
            "primary_queue_host": "udaykiranstorage357.queue.core.windows.net",
            "primary_table_endpoint": "https://udaykiranstorage357.table.core.windows.net/",
            "primary_table_host": "udaykiranstorage357.table.core.windows.net",
            "primary_web_endpoint": "https://udaykiranstorage357.z16.web.core.windows.net/",
            "primary_web_host": "udaykiranstorage357.z16.web.core.windows.net",
            "public_network_access_enabled": true,
            "queue_encryption_key_type": "Service",
            "queue_properties": [
              {
                "cors_rule": [],
                "hour_metrics": [
                  {
                    "enabled": true,
                    "include_apis": true,
                    "retention_policy_days": 7,
                    "version": "1.0"
                  }
                ],
                "logging": [
                  {
                    "delete": false,
                    "read": false,
                    "retention_policy_days": 0,
                    "version": "1.0",
                    "write": false
                  }
                ],
                "minute_metrics": [
                  {
                    "enabled": false,
                    "include_apis": false,
                    "retention_policy_days": 0,
                    "version": "1.0"
                  }
                ]
              }
            ],
            "resource_group_name": "udaykiran-ade-rg",
            "routing": [],
            "sas_policy": [],
            "secondary_access_key": "UV+23g/MEBbiIjbo7MwTOSfgmbolrxnTi8jHRhxbKDTvp1QL6uHJZYiSr9MIG67TNIWN8tqBuBtr+AStZXDRoA==",
            "secondary_blob_connection_string": "",
            "secondary_blob_endpoint": null,
            "secondary_blob_host": null,
            "secondary_connection_string": "DefaultEndpointsProtocol=https;AccountName=udaykiranstorage357;AccountKey=UV+23g/MEBbiIjbo7MwTOSfgmbolrxnTi8jHRhxbKDTvp1QL6uHJZYiSr9MIG67TNIWN8tqBuBtr+AStZXDRoA==;EndpointSuffix=core.windows.net",
            "secondary_dfs_endpoint": null,
            "secondary_dfs_host": null,
            "secondary_file_endpoint": null,
            "secondary_file_host": null,
            "secondary_location": "westeurope",
            "secondary_queue_endpoint": null,
            "secondary_queue_host": null,
            "secondary_table_endpoint": null,
            "secondary_table_host": null,
            "secondary_web_endpoint": null,
            "secondary_web_host": null,
            "sftp_enabled": false,
            "share_properties": [
              {
                "cors_rule": [],
                "retention_policy": [
                  {
                    "days": 7
                  }
                ],
                "smb": []
              }
            ],
            "shared_access_key_enabled": true,
            "static_website": [],
            "table_encryption_key_type": "Service",
            "tags": {
              "cost": "163",
              "dept": "finance",
              "env": "dev",
              "source": "terraform"
            },
            "timeouts": null
          },
          "sensitive_attributes": [],
          "private": "eyJlMmJmYjczMC1lY2FhLTExZTYtOGY4OC0zNDM2M2JjN2M0YzAiOnsiY3JlYXRlIjozNjAwMDAwMDAwMDAwLCJkZWxldGUiOjM2MDAwMDAwMDAwMDAsInJlYWQiOjMwMDAwMDAwMDAwMCwidXBkYXRlIjozNjAwMDAwMDAwMDAwfSwic2NoZW1hX3ZlcnNpb24iOiIzIn0=",
          "dependencies": [
            "module.resource_group.azurerm_resource_group.example"
          ]
        }
      ]
    }
  ],
  "check_results": null
}
